
Microsoft Visual Studio Solution File, Format Version 12.00
# Visual Studio 14
VisualStudioVersion = 14.0.25420.1
MinimumVisualStudioVersion = 10.0.40219.1
Project("{FAE04EC0-301F-11D3-BF4B-00C04F79EFBC}") = "01. Sino The Walker", "Exam Prep 1\01. Sino The Walker.csproj", "{DC272F13-1A2C-4C45-9D4B-BCD378CB778B}"
EndProject
Project("{FAE04EC0-301F-11D3-BF4B-00C04F79EFBC}") = "02. SoftUni Karaoke", "02. SoftUni Karaoke\02. SoftUni Karaoke.csproj", "{EC65E9DA-7232-4277-9699-ECD7BD9D30B9}"
EndProject
Project("{FAE04EC0-301F-11D3-BF4B-00C04F79EFBC}") = "03. Endurance Rally", "03. Endurance Rally\03. Endurance Rally.csproj", "{EE07C96D-CADA-4F18-BB8E-6794D264183C}"
EndProject
Project("{FAE04EC0-301F-11D3-BF4B-00C04F79EFBC}") = "04. Winning Ticket", "04. Winning Ticket\04. Winning Ticket.csproj", "{C7889572-9A60-40EC-933A-6E0733AE0135}"
EndProject
Global
	GlobalSection(SolutionConfigurationPlatforms) = preSolution
		Debug|Any CPU = Debug|Any CPU
		Release|Any CPU = Release|Any CPU
	EndGlobalSection
	GlobalSection(ProjectConfigurationPlatforms) = postSolution
		{DC272F13-1A2C-4C45-9D4B-BCD378CB778B}.Debug|Any CPU.ActiveCfg = Debug|Any CPU
		{DC272F13-1A2C-4C45-9D4B-BCD378CB778B}.Debug|Any CPU.Build.0 = Debug|Any CPU
		{DC272F13-1A2C-4C45-9D4B-BCD378CB778B}.Release|Any CPU.ActiveCfg = Release|Any CPU
		{DC272F13-1A2C-4C45-9D4B-BCD378CB778B}.Release|Any CPU.Build.0 = Release|Any CPU
		{EC65E9DA-7232-4277-9699-ECD7BD9D30B9}.Debug|Any CPU.ActiveCfg = Debug|Any CPU
		{EC65E9DA-7232-4277-9699-ECD7BD9D30B9}.Debug|Any CPU.Build.0 = Debug|Any CPU
		{EC65E9DA-7232-4277-9699-ECD7BD9D30B9}.Release|Any CPU.ActiveCfg = Release|Any CPU
		{EC65E9DA-7232-4277-9699-ECD7BD9D30B9}.Release|Any CPU.Build.0 = Release|Any CPU
		{EE07C96D-CADA-4F18-BB8E-6794D264183C}.Debug|Any CPU.ActiveCfg = Debug|Any CPU
		{EE07C96D-CADA-4F18-BB8E-6794D264183C}.Debug|Any CPU.Build.0 = Debug|Any CPU
		{EE07C96D-CADA-4F18-BB8E-6794D264183C}.Release|Any CPU.ActiveCfg = Release|Any CPU
		{EE07C96D-CADA-4F18-BB8E-6794D264183C}.Release|Any CPU.Build.0 = Release|Any CPU
		{C7889572-9A60-40EC-933A-6E0733AE0135}.Debug|Any CPU.ActiveCfg = Debug|Any CPU
		{C7889572-9A60-40EC-933A-6E0733AE0135}.Debug|Any CPU.Build.0 = Debug|Any CPU
		{C7889572-9A60-40EC-933A-6E0733AE0135}.Release|Any CPU.ActiveCfg = Release|Any CPU
		{C7889572-9A60-40EC-933A-6E0733AE0135}.Release|Any CPU.Build.0 = Release|Any CPU
	EndGlobalSection
	GlobalSection(SolutionProperties) = preSolution
		HideSolutionNode = FALSE
	EndGlobalSection
EndGlobal
