
Microsoft Visual Studio Solution File, Format Version 12.00
# Visual Studio 14
VisualStudioVersion = 14.0.25420.1
MinimumVisualStudioVersion = 10.0.40219.1
Project("{FAE04EC0-301F-11D3-BF4B-00C04F79EFBC}") = "01 - Grape and Rakia", "PBE-19.03.2017E\01 - Grape and Rakia.csproj", "{2CDC8E56-26DC-46AB-A9C3-331B5358B213}"
EndProject
Project("{FAE04EC0-301F-11D3-BF4B-00C04F79EFBC}") = "02 - Styrofoam", "02 - Styrofoam\02 - Styrofoam.csproj", "{E9411799-A877-40E4-AD5E-A4F55EFB92B2}"
EndProject
Project("{FAE04EC0-301F-11D3-BF4B-00C04F79EFBC}") = "03 - Truck Driver", "03 - Truck Driver\03 - Truck Driver.csproj", "{22584C42-929B-4E36-946F-851F3DC246A8}"
EndProject
Project("{FAE04EC0-301F-11D3-BF4B-00C04F79EFBC}") = "04 - Bills", "04 - Bills\04 - Bills.csproj", "{3F07BDD4-F20D-4A58-BCF1-1D47DD8737E1}"
EndProject
Project("{FAE04EC0-301F-11D3-BF4B-00C04F79EFBC}") = "05 - Parallelepiped", "05 - Parallelepiped\05 - Parallelepiped.csproj", "{6616CF12-FA53-4F44-8015-DA37F3DA89D7}"
EndProject
Project("{FAE04EC0-301F-11D3-BF4B-00C04F79EFBC}") = "06 - Control Number", "06 - Control Number\06 - Control Number.csproj", "{19BE7CC0-8F5E-4089-94AC-37EFDBB8C94C}"
EndProject
Project("{FAE04EC0-301F-11D3-BF4B-00C04F79EFBC}") = "IK", "IK\IK.csproj", "{F8AF0BA8-F919-4771-A5B7-4977B09C8128}"
EndProject
Global
	GlobalSection(SolutionConfigurationPlatforms) = preSolution
		Debug|Any CPU = Debug|Any CPU
		Release|Any CPU = Release|Any CPU
	EndGlobalSection
	GlobalSection(ProjectConfigurationPlatforms) = postSolution
		{2CDC8E56-26DC-46AB-A9C3-331B5358B213}.Debug|Any CPU.ActiveCfg = Debug|Any CPU
		{2CDC8E56-26DC-46AB-A9C3-331B5358B213}.Debug|Any CPU.Build.0 = Debug|Any CPU
		{2CDC8E56-26DC-46AB-A9C3-331B5358B213}.Release|Any CPU.ActiveCfg = Release|Any CPU
		{2CDC8E56-26DC-46AB-A9C3-331B5358B213}.Release|Any CPU.Build.0 = Release|Any CPU
		{E9411799-A877-40E4-AD5E-A4F55EFB92B2}.Debug|Any CPU.ActiveCfg = Debug|Any CPU
		{E9411799-A877-40E4-AD5E-A4F55EFB92B2}.Debug|Any CPU.Build.0 = Debug|Any CPU
		{E9411799-A877-40E4-AD5E-A4F55EFB92B2}.Release|Any CPU.ActiveCfg = Release|Any CPU
		{E9411799-A877-40E4-AD5E-A4F55EFB92B2}.Release|Any CPU.Build.0 = Release|Any CPU
		{22584C42-929B-4E36-946F-851F3DC246A8}.Debug|Any CPU.ActiveCfg = Debug|Any CPU
		{22584C42-929B-4E36-946F-851F3DC246A8}.Debug|Any CPU.Build.0 = Debug|Any CPU
		{22584C42-929B-4E36-946F-851F3DC246A8}.Release|Any CPU.ActiveCfg = Release|Any CPU
		{22584C42-929B-4E36-946F-851F3DC246A8}.Release|Any CPU.Build.0 = Release|Any CPU
		{3F07BDD4-F20D-4A58-BCF1-1D47DD8737E1}.Debug|Any CPU.ActiveCfg = Debug|Any CPU
		{3F07BDD4-F20D-4A58-BCF1-1D47DD8737E1}.Debug|Any CPU.Build.0 = Debug|Any CPU
		{3F07BDD4-F20D-4A58-BCF1-1D47DD8737E1}.Release|Any CPU.ActiveCfg = Release|Any CPU
		{3F07BDD4-F20D-4A58-BCF1-1D47DD8737E1}.Release|Any CPU.Build.0 = Release|Any CPU
		{6616CF12-FA53-4F44-8015-DA37F3DA89D7}.Debug|Any CPU.ActiveCfg = Debug|Any CPU
		{6616CF12-FA53-4F44-8015-DA37F3DA89D7}.Debug|Any CPU.Build.0 = Debug|Any CPU
		{6616CF12-FA53-4F44-8015-DA37F3DA89D7}.Release|Any CPU.ActiveCfg = Release|Any CPU
		{6616CF12-FA53-4F44-8015-DA37F3DA89D7}.Release|Any CPU.Build.0 = Release|Any CPU
		{19BE7CC0-8F5E-4089-94AC-37EFDBB8C94C}.Debug|Any CPU.ActiveCfg = Debug|Any CPU
		{19BE7CC0-8F5E-4089-94AC-37EFDBB8C94C}.Debug|Any CPU.Build.0 = Debug|Any CPU
		{19BE7CC0-8F5E-4089-94AC-37EFDBB8C94C}.Release|Any CPU.ActiveCfg = Release|Any CPU
		{19BE7CC0-8F5E-4089-94AC-37EFDBB8C94C}.Release|Any CPU.Build.0 = Release|Any CPU
		{F8AF0BA8-F919-4771-A5B7-4977B09C8128}.Debug|Any CPU.ActiveCfg = Debug|Any CPU
		{F8AF0BA8-F919-4771-A5B7-4977B09C8128}.Debug|Any CPU.Build.0 = Debug|Any CPU
		{F8AF0BA8-F919-4771-A5B7-4977B09C8128}.Release|Any CPU.ActiveCfg = Release|Any CPU
		{F8AF0BA8-F919-4771-A5B7-4977B09C8128}.Release|Any CPU.Build.0 = Release|Any CPU
	EndGlobalSection
	GlobalSection(SolutionProperties) = preSolution
		HideSolutionNode = FALSE
	EndGlobalSection
EndGlobal
