
Microsoft Visual Studio Solution File, Format Version 12.00
# Visual Studio 14
VisualStudioVersion = 14.0.25420.1
MinimumVisualStudioVersion = 10.0.40219.1
Project("{FAE04EC0-301F-11D3-BF4B-00C04F79EFBC}") = "01. Numbers from 1 to 100", "5. Loops\01. Numbers from 1 to 100.csproj", "{926416A9-4D3F-4907-911C-71E7A528B4C0}"
EndProject
Project("{FAE04EC0-301F-11D3-BF4B-00C04F79EFBC}") = "02. Numbers Ending in 7", "02. Numbers Ending in 7\02. Numbers Ending in 7.csproj", "{8EA20752-33EF-4884-B8AD-6C20B1BDD3AC}"
EndProject
Project("{FAE04EC0-301F-11D3-BF4B-00C04F79EFBC}") = "03. Latin Letters", "03. Latin Letters\03. Latin Letters.csproj", "{3CFCFF06-9F05-4017-9823-0AA35BFD1B0C}"
EndProject
Project("{FAE04EC0-301F-11D3-BF4B-00C04F79EFBC}") = "04. Sum Numbers", "04. Sum Numbers\04. Sum Numbers.csproj", "{20FCB442-E226-48D7-8F4A-DA9042FF5FC1}"
EndProject
Project("{FAE04EC0-301F-11D3-BF4B-00C04F79EFBC}") = "05. Max Number", "05. Max Number\05. Max Number.csproj", "{D67D6FFB-344F-414F-92CF-8FBB3EF2F33F}"
EndProject
Project("{FAE04EC0-301F-11D3-BF4B-00C04F79EFBC}") = "06. Min Number", "06. Min Number\06. Min Number.csproj", "{EC069AC2-8E00-4D55-BD7E-FCCE50A93507}"
EndProject
Project("{FAE04EC0-301F-11D3-BF4B-00C04F79EFBC}") = "07. Left and Right Sum", "07. Left and Right Sum\07. Left and Right Sum.csproj", "{5E78C393-5D1E-47FB-9332-CB8C28098837}"
EndProject
Project("{FAE04EC0-301F-11D3-BF4B-00C04F79EFBC}") = "08. Odd Even Sum", "08. Odd Even Sum\08. Odd Even Sum.csproj", "{BA1017E3-C272-40B9-9C9D-8AC1EF7AAFF7}"
EndProject
Project("{FAE04EC0-301F-11D3-BF4B-00C04F79EFBC}") = "09. Vowels Sum", "09. Vowels Sum\09. Vowels Sum.csproj", "{FB07B4ED-31FA-44A6-918F-9C45288E5A2F}"
EndProject
Project("{FAE04EC0-301F-11D3-BF4B-00C04F79EFBC}") = "10. Half Sum Element", "10. Half Sum Element\10. Half Sum Element.csproj", "{7C218A8D-237B-47E9-92B5-8A1935BC722C}"
EndProject
Project("{FAE04EC0-301F-11D3-BF4B-00C04F79EFBC}") = "11. Odd  Even Position", "11. Odd  Even Position\11. Odd  Even Position.csproj", "{D20ED4C4-7500-4596-8158-AC5C237301CB}"
EndProject
Project("{FAE04EC0-301F-11D3-BF4B-00C04F79EFBC}") = "12. Equal Pairs", "12. Equal Pairs\12. Equal Pairs.csproj", "{029D341B-28EE-4855-98E8-2111A8EAA226}"
EndProject
Global
	GlobalSection(SolutionConfigurationPlatforms) = preSolution
		Debug|Any CPU = Debug|Any CPU
		Release|Any CPU = Release|Any CPU
	EndGlobalSection
	GlobalSection(ProjectConfigurationPlatforms) = postSolution
		{926416A9-4D3F-4907-911C-71E7A528B4C0}.Debug|Any CPU.ActiveCfg = Debug|Any CPU
		{926416A9-4D3F-4907-911C-71E7A528B4C0}.Debug|Any CPU.Build.0 = Debug|Any CPU
		{926416A9-4D3F-4907-911C-71E7A528B4C0}.Release|Any CPU.ActiveCfg = Release|Any CPU
		{926416A9-4D3F-4907-911C-71E7A528B4C0}.Release|Any CPU.Build.0 = Release|Any CPU
		{8EA20752-33EF-4884-B8AD-6C20B1BDD3AC}.Debug|Any CPU.ActiveCfg = Debug|Any CPU
		{8EA20752-33EF-4884-B8AD-6C20B1BDD3AC}.Debug|Any CPU.Build.0 = Debug|Any CPU
		{8EA20752-33EF-4884-B8AD-6C20B1BDD3AC}.Release|Any CPU.ActiveCfg = Release|Any CPU
		{8EA20752-33EF-4884-B8AD-6C20B1BDD3AC}.Release|Any CPU.Build.0 = Release|Any CPU
		{3CFCFF06-9F05-4017-9823-0AA35BFD1B0C}.Debug|Any CPU.ActiveCfg = Debug|Any CPU
		{3CFCFF06-9F05-4017-9823-0AA35BFD1B0C}.Debug|Any CPU.Build.0 = Debug|Any CPU
		{3CFCFF06-9F05-4017-9823-0AA35BFD1B0C}.Release|Any CPU.ActiveCfg = Release|Any CPU
		{3CFCFF06-9F05-4017-9823-0AA35BFD1B0C}.Release|Any CPU.Build.0 = Release|Any CPU
		{20FCB442-E226-48D7-8F4A-DA9042FF5FC1}.Debug|Any CPU.ActiveCfg = Debug|Any CPU
		{20FCB442-E226-48D7-8F4A-DA9042FF5FC1}.Debug|Any CPU.Build.0 = Debug|Any CPU
		{20FCB442-E226-48D7-8F4A-DA9042FF5FC1}.Release|Any CPU.ActiveCfg = Release|Any CPU
		{20FCB442-E226-48D7-8F4A-DA9042FF5FC1}.Release|Any CPU.Build.0 = Release|Any CPU
		{D67D6FFB-344F-414F-92CF-8FBB3EF2F33F}.Debug|Any CPU.ActiveCfg = Debug|Any CPU
		{D67D6FFB-344F-414F-92CF-8FBB3EF2F33F}.Debug|Any CPU.Build.0 = Debug|Any CPU
		{D67D6FFB-344F-414F-92CF-8FBB3EF2F33F}.Release|Any CPU.ActiveCfg = Release|Any CPU
		{D67D6FFB-344F-414F-92CF-8FBB3EF2F33F}.Release|Any CPU.Build.0 = Release|Any CPU
		{EC069AC2-8E00-4D55-BD7E-FCCE50A93507}.Debug|Any CPU.ActiveCfg = Debug|Any CPU
		{EC069AC2-8E00-4D55-BD7E-FCCE50A93507}.Debug|Any CPU.Build.0 = Debug|Any CPU
		{EC069AC2-8E00-4D55-BD7E-FCCE50A93507}.Release|Any CPU.ActiveCfg = Release|Any CPU
		{EC069AC2-8E00-4D55-BD7E-FCCE50A93507}.Release|Any CPU.Build.0 = Release|Any CPU
		{5E78C393-5D1E-47FB-9332-CB8C28098837}.Debug|Any CPU.ActiveCfg = Debug|Any CPU
		{5E78C393-5D1E-47FB-9332-CB8C28098837}.Debug|Any CPU.Build.0 = Debug|Any CPU
		{5E78C393-5D1E-47FB-9332-CB8C28098837}.Release|Any CPU.ActiveCfg = Release|Any CPU
		{5E78C393-5D1E-47FB-9332-CB8C28098837}.Release|Any CPU.Build.0 = Release|Any CPU
		{BA1017E3-C272-40B9-9C9D-8AC1EF7AAFF7}.Debug|Any CPU.ActiveCfg = Debug|Any CPU
		{BA1017E3-C272-40B9-9C9D-8AC1EF7AAFF7}.Debug|Any CPU.Build.0 = Debug|Any CPU
		{BA1017E3-C272-40B9-9C9D-8AC1EF7AAFF7}.Release|Any CPU.ActiveCfg = Release|Any CPU
		{BA1017E3-C272-40B9-9C9D-8AC1EF7AAFF7}.Release|Any CPU.Build.0 = Release|Any CPU
		{FB07B4ED-31FA-44A6-918F-9C45288E5A2F}.Debug|Any CPU.ActiveCfg = Debug|Any CPU
		{FB07B4ED-31FA-44A6-918F-9C45288E5A2F}.Debug|Any CPU.Build.0 = Debug|Any CPU
		{FB07B4ED-31FA-44A6-918F-9C45288E5A2F}.Release|Any CPU.ActiveCfg = Release|Any CPU
		{FB07B4ED-31FA-44A6-918F-9C45288E5A2F}.Release|Any CPU.Build.0 = Release|Any CPU
		{7C218A8D-237B-47E9-92B5-8A1935BC722C}.Debug|Any CPU.ActiveCfg = Debug|Any CPU
		{7C218A8D-237B-47E9-92B5-8A1935BC722C}.Debug|Any CPU.Build.0 = Debug|Any CPU
		{7C218A8D-237B-47E9-92B5-8A1935BC722C}.Release|Any CPU.ActiveCfg = Release|Any CPU
		{7C218A8D-237B-47E9-92B5-8A1935BC722C}.Release|Any CPU.Build.0 = Release|Any CPU
		{D20ED4C4-7500-4596-8158-AC5C237301CB}.Debug|Any CPU.ActiveCfg = Debug|Any CPU
		{D20ED4C4-7500-4596-8158-AC5C237301CB}.Debug|Any CPU.Build.0 = Debug|Any CPU
		{D20ED4C4-7500-4596-8158-AC5C237301CB}.Release|Any CPU.ActiveCfg = Release|Any CPU
		{D20ED4C4-7500-4596-8158-AC5C237301CB}.Release|Any CPU.Build.0 = Release|Any CPU
		{029D341B-28EE-4855-98E8-2111A8EAA226}.Debug|Any CPU.ActiveCfg = Debug|Any CPU
		{029D341B-28EE-4855-98E8-2111A8EAA226}.Debug|Any CPU.Build.0 = Debug|Any CPU
		{029D341B-28EE-4855-98E8-2111A8EAA226}.Release|Any CPU.ActiveCfg = Release|Any CPU
		{029D341B-28EE-4855-98E8-2111A8EAA226}.Release|Any CPU.Build.0 = Release|Any CPU
	EndGlobalSection
	GlobalSection(SolutionProperties) = preSolution
		HideSolutionNode = FALSE
	EndGlobalSection
EndGlobal
