
Microsoft Visual Studio Solution File, Format Version 12.00
# Visual Studio 14
VisualStudioVersion = 14.0.25420.1
MinimumVisualStudioVersion = 10.0.40219.1
Project("{FAE04EC0-301F-11D3-BF4B-00C04F79EFBC}") = "01. Passed", "01. Passed\01. Passed.csproj", "{0027AEEF-327B-4D2E-BCFE-2069526505C6}"
EndProject
Project("{FAE04EC0-301F-11D3-BF4B-00C04F79EFBC}") = "02. Passed or Failed", "02. Passed or Failed\02. Passed or Failed.csproj", "{61D167A2-C657-4ECD-8968-DA77CDCA5955}"
EndProject
Project("{FAE04EC0-301F-11D3-BF4B-00C04F79EFBC}") = "03. Back in 30 Minutes", "03. Back in 30 Minutes\03. Back in 30 Minutes.csproj", "{44F27AB6-2751-4BA9-9D88-6C4F6775B0AE}"
EndProject
Project("{FAE04EC0-301F-11D3-BF4B-00C04F79EFBC}") = "04. Month Printer", "04. Month Printer\04. Month Printer.csproj", "{B9A894FC-8849-4DB0-86AA-37FF7C07208F}"
EndProject
Project("{FAE04EC0-301F-11D3-BF4B-00C04F79EFBC}") = "05. Foreign Languages", "05. Foreign Languages\05. Foreign Languages.csproj", "{7021F9E6-9120-4F85-8900-BF9F634DA8BC}"
EndProject
Project("{FAE04EC0-301F-11D3-BF4B-00C04F79EFBC}") = "06. Theatre Promotion", "06. Theatre Promotion\06. Theatre Promotion.csproj", "{287B86A5-D154-4F79-A04D-A11ECD39C04F}"
EndProject
Project("{FAE04EC0-301F-11D3-BF4B-00C04F79EFBC}") = "07. Divisible by 3", "07. Divisible by 3\07. Divisible by 3.csproj", "{5132FBAC-F675-4C46-A874-567420E03A0F}"
EndProject
Project("{FAE04EC0-301F-11D3-BF4B-00C04F79EFBC}") = "08. Sum of Odd Numbers", "08. Sum of Odd Numbers\08. Sum of Odd Numbers.csproj", "{3E3A4132-C9A7-4375-AD53-F8A081223B73}"
EndProject
Project("{FAE04EC0-301F-11D3-BF4B-00C04F79EFBC}") = "09. Multiplication Table", "09. Multiplication Table\09. Multiplication Table.csproj", "{13E52DDB-4EC4-438A-A848-7FEFC2AE1A7E}"
EndProject
Project("{FAE04EC0-301F-11D3-BF4B-00C04F79EFBC}") = "10. Multiplication Table 2.0", "10. Multiplication Table 2.0\10. Multiplication Table 2.0.csproj", "{C07A110B-D1A3-4A39-84B1-5348C82DB115}"
EndProject
Project("{FAE04EC0-301F-11D3-BF4B-00C04F79EFBC}") = "11. Odd Number", "11. Odd Number\11. Odd Number.csproj", "{878B2E49-2875-467E-A514-39ACAD6F293B}"
EndProject
Project("{FAE04EC0-301F-11D3-BF4B-00C04F79EFBC}") = "12. Number Checker", "12. Number Checker\12. Number Checker.csproj", "{C4B5A3EB-AC71-4517-99C4-C49420BF2FD0}"
EndProject
Global
	GlobalSection(SolutionConfigurationPlatforms) = preSolution
		Debug|Any CPU = Debug|Any CPU
		Release|Any CPU = Release|Any CPU
	EndGlobalSection
	GlobalSection(ProjectConfigurationPlatforms) = postSolution
		{0027AEEF-327B-4D2E-BCFE-2069526505C6}.Debug|Any CPU.ActiveCfg = Debug|Any CPU
		{0027AEEF-327B-4D2E-BCFE-2069526505C6}.Debug|Any CPU.Build.0 = Debug|Any CPU
		{0027AEEF-327B-4D2E-BCFE-2069526505C6}.Release|Any CPU.ActiveCfg = Release|Any CPU
		{0027AEEF-327B-4D2E-BCFE-2069526505C6}.Release|Any CPU.Build.0 = Release|Any CPU
		{61D167A2-C657-4ECD-8968-DA77CDCA5955}.Debug|Any CPU.ActiveCfg = Debug|Any CPU
		{61D167A2-C657-4ECD-8968-DA77CDCA5955}.Debug|Any CPU.Build.0 = Debug|Any CPU
		{61D167A2-C657-4ECD-8968-DA77CDCA5955}.Release|Any CPU.ActiveCfg = Release|Any CPU
		{61D167A2-C657-4ECD-8968-DA77CDCA5955}.Release|Any CPU.Build.0 = Release|Any CPU
		{44F27AB6-2751-4BA9-9D88-6C4F6775B0AE}.Debug|Any CPU.ActiveCfg = Debug|Any CPU
		{44F27AB6-2751-4BA9-9D88-6C4F6775B0AE}.Debug|Any CPU.Build.0 = Debug|Any CPU
		{44F27AB6-2751-4BA9-9D88-6C4F6775B0AE}.Release|Any CPU.ActiveCfg = Release|Any CPU
		{44F27AB6-2751-4BA9-9D88-6C4F6775B0AE}.Release|Any CPU.Build.0 = Release|Any CPU
		{B9A894FC-8849-4DB0-86AA-37FF7C07208F}.Debug|Any CPU.ActiveCfg = Debug|Any CPU
		{B9A894FC-8849-4DB0-86AA-37FF7C07208F}.Debug|Any CPU.Build.0 = Debug|Any CPU
		{B9A894FC-8849-4DB0-86AA-37FF7C07208F}.Release|Any CPU.ActiveCfg = Release|Any CPU
		{B9A894FC-8849-4DB0-86AA-37FF7C07208F}.Release|Any CPU.Build.0 = Release|Any CPU
		{7021F9E6-9120-4F85-8900-BF9F634DA8BC}.Debug|Any CPU.ActiveCfg = Debug|Any CPU
		{7021F9E6-9120-4F85-8900-BF9F634DA8BC}.Debug|Any CPU.Build.0 = Debug|Any CPU
		{7021F9E6-9120-4F85-8900-BF9F634DA8BC}.Release|Any CPU.ActiveCfg = Release|Any CPU
		{7021F9E6-9120-4F85-8900-BF9F634DA8BC}.Release|Any CPU.Build.0 = Release|Any CPU
		{287B86A5-D154-4F79-A04D-A11ECD39C04F}.Debug|Any CPU.ActiveCfg = Debug|Any CPU
		{287B86A5-D154-4F79-A04D-A11ECD39C04F}.Debug|Any CPU.Build.0 = Debug|Any CPU
		{287B86A5-D154-4F79-A04D-A11ECD39C04F}.Release|Any CPU.ActiveCfg = Release|Any CPU
		{287B86A5-D154-4F79-A04D-A11ECD39C04F}.Release|Any CPU.Build.0 = Release|Any CPU
		{5132FBAC-F675-4C46-A874-567420E03A0F}.Debug|Any CPU.ActiveCfg = Debug|Any CPU
		{5132FBAC-F675-4C46-A874-567420E03A0F}.Debug|Any CPU.Build.0 = Debug|Any CPU
		{5132FBAC-F675-4C46-A874-567420E03A0F}.Release|Any CPU.ActiveCfg = Release|Any CPU
		{5132FBAC-F675-4C46-A874-567420E03A0F}.Release|Any CPU.Build.0 = Release|Any CPU
		{3E3A4132-C9A7-4375-AD53-F8A081223B73}.Debug|Any CPU.ActiveCfg = Debug|Any CPU
		{3E3A4132-C9A7-4375-AD53-F8A081223B73}.Debug|Any CPU.Build.0 = Debug|Any CPU
		{3E3A4132-C9A7-4375-AD53-F8A081223B73}.Release|Any CPU.ActiveCfg = Release|Any CPU
		{3E3A4132-C9A7-4375-AD53-F8A081223B73}.Release|Any CPU.Build.0 = Release|Any CPU
		{13E52DDB-4EC4-438A-A848-7FEFC2AE1A7E}.Debug|Any CPU.ActiveCfg = Debug|Any CPU
		{13E52DDB-4EC4-438A-A848-7FEFC2AE1A7E}.Debug|Any CPU.Build.0 = Debug|Any CPU
		{13E52DDB-4EC4-438A-A848-7FEFC2AE1A7E}.Release|Any CPU.ActiveCfg = Release|Any CPU
		{13E52DDB-4EC4-438A-A848-7FEFC2AE1A7E}.Release|Any CPU.Build.0 = Release|Any CPU
		{C07A110B-D1A3-4A39-84B1-5348C82DB115}.Debug|Any CPU.ActiveCfg = Debug|Any CPU
		{C07A110B-D1A3-4A39-84B1-5348C82DB115}.Debug|Any CPU.Build.0 = Debug|Any CPU
		{C07A110B-D1A3-4A39-84B1-5348C82DB115}.Release|Any CPU.ActiveCfg = Release|Any CPU
		{C07A110B-D1A3-4A39-84B1-5348C82DB115}.Release|Any CPU.Build.0 = Release|Any CPU
		{878B2E49-2875-467E-A514-39ACAD6F293B}.Debug|Any CPU.ActiveCfg = Debug|Any CPU
		{878B2E49-2875-467E-A514-39ACAD6F293B}.Debug|Any CPU.Build.0 = Debug|Any CPU
		{878B2E49-2875-467E-A514-39ACAD6F293B}.Release|Any CPU.ActiveCfg = Release|Any CPU
		{878B2E49-2875-467E-A514-39ACAD6F293B}.Release|Any CPU.Build.0 = Release|Any CPU
		{C4B5A3EB-AC71-4517-99C4-C49420BF2FD0}.Debug|Any CPU.ActiveCfg = Debug|Any CPU
		{C4B5A3EB-AC71-4517-99C4-C49420BF2FD0}.Debug|Any CPU.Build.0 = Debug|Any CPU
		{C4B5A3EB-AC71-4517-99C4-C49420BF2FD0}.Release|Any CPU.ActiveCfg = Release|Any CPU
		{C4B5A3EB-AC71-4517-99C4-C49420BF2FD0}.Release|Any CPU.Build.0 = Release|Any CPU
	EndGlobalSection
	GlobalSection(SolutionProperties) = preSolution
		HideSolutionNode = FALSE
	EndGlobalSection
EndGlobal
